
Microsoft Visual Studio Solution File, Format Version 12.00
# Visual Studio Version 18
VisualStudioVersion = 18.6.11828.311 oobstable
MinimumVisualStudioVersion = 10.0.40219.1
Project("{FAE04EC0-301F-11D3-BF4B-00C04F79EFBC}") = "Pausable Storage", "Pausable Storage.csproj", "{2EB4E861-8354-5AF6-35EC-FB9DFA50D6C9}"
EndProject
Global
	GlobalSection(SolutionConfigurationPlatforms) = preSolution
		Debug|Any CPU = Debug|Any CPU
		Release|Any CPU = Release|Any CPU
	EndGlobalSection
	GlobalSection(ProjectConfigurationPlatforms) = postSolution
		{2EB4E861-8354-5AF6-35EC-FB9DFA50D6C9}.Debug|Any CPU.ActiveCfg = Debug|Any CPU
		{2EB4E861-8354-5AF6-35EC-FB9DFA50D6C9}.Debug|Any CPU.Build.0 = Debug|Any CPU
		{2EB4E861-8354-5AF6-35EC-FB9DFA50D6C9}.Release|Any CPU.ActiveCfg = Release|Any CPU
		{2EB4E861-8354-5AF6-35EC-FB9DFA50D6C9}.Release|Any CPU.Build.0 = Release|Any CPU
	EndGlobalSection
	GlobalSection(SolutionProperties) = preSolution
		HideSolutionNode = FALSE
	EndGlobalSection
	GlobalSection(ExtensibilityGlobals) = postSolution
		SolutionGuid = {3CDAB1F1-BA2E-43B8-8D9F-ABF38BDD8EE8}
	EndGlobalSection
EndGlobal
